PODS:
  - MAAutoLayout (1.0.1)
  - MAPreviewController (0.1.0):
    - MAAutoLayout
    - SDWebImage
    - SVProgressHUD
  - SDWebImage (4.4.2):
    - SDWebImage/Core (= 4.4.2)
  - SDWebImage/Core (4.4.2)
  - SVProgressHUD (2.2.5)

DEPENDENCIES:
  - MAPreviewController (from `../`)

SPEC REPOS:
  https://github.com/cocoapods/specs.git:
    - MAAutoLayout
    - SDWebImage
    - SVProgressHUD

EXTERNAL SOURCES:
  MAPreviewController:
    :path: "../"

SPEC CHECKSUMS:
  MAAutoLayout: 2ac0f7a985d11a919d471957aca8cf78f8556d39
  MAPreviewController: 6367bc3070ad4873a8e1bf7b7650892cc111d776
  SDWebImage: 624d6e296c69b244bcede364c72ae0430ac14681
  SVProgressHUD: 1428aafac632c1f86f62aa4243ec12008d7a51d6

PODFILE CHECKSUM: 6ededdaad7abc8e3b38644f58ee80c7b39afd7b8

COCOAPODS: 1.5.3
